# THIS IS AN AUTOGENERATED FILE. DO NOT EDIT THIS FILE DIRECTLY.
# yarn lockfile v1


classnames@^2.5.1:
  version "2.5.1"
  resolved "https://registry.yarnpkg.com/classnames/-/classnames-2.5.1.tgz#ba774c614be0f016da105c858e7159eae8e7687b"
  integrity sha512-saHYOzhIQs6wy2sVxTM6bUDsQO4F50V9RQ22qBpEdCW+I+/Wmke2HOl6lS6dTpdxVhb88/I6+Hs+438c3lfUow==

cropperjs@^1.5.13, cropperjs@^1.6.2:
  version "1.6.2"
  resolved "https://registry.yarnpkg.com/cropperjs/-/cropperjs-1.6.2.tgz#d1a5d627d880581cca41b7901f06923500e4201b"
  integrity sha512-nhymn9GdnV3CqiEHJVai54TULFAE3VshJTXSqSJKa8yXAKyBKDWdhHarnlIPrshJ0WMFTGuFvG02YjLXfPiuOA==

react-cropper@^2.3.3:
  version "2.3.3"
  resolved "https://registry.yarnpkg.com/react-cropper/-/react-cropper-2.3.3.tgz#aced0d045d9fd56168ba4d17287a40c287754dee"
  integrity sha512-zghiEYkUb41kqtu+2jpX2Ntigf+Jj1dF9ew4lAobPzI2adaPE31z0p+5TcWngK6TvmWQUwK3lj4G+NDh1PDQ1w==
  dependencies:
    cropperjs "^1.5.13"

tinycolor2@^1.6.0:
  version "1.6.0"
  resolved "https://registry.yarnpkg.com/tinycolor2/-/tinycolor2-1.6.0.tgz#f98007460169b0263b97072c5ae92484ce02d09e"
  integrity sha512-XPaBkWQJdsf3pLKJV9p4qN/S+fm2Oj8AIPo1BTUhg5oxkvm9+SVEGFdhyOz7tTdUTfvxMiAs4sp6/eZO2Ew+pw==
